
Microsoft Visual Studio Solution File, Format Version 12.00
# Visual Studio Version 17
VisualStudioVersion = 17.13.35825.156 d17.13
MinimumVisualStudioVersion = 10.0.40219.1
Project("{FAE04EC0-301F-11D3-BF4B-00C04F79EFBC}") = "movieAPI", "movieAPI\movieAPI.csproj", "{E5066149-C1DE-459E-8A27-A14F443758E0}"
EndProject
Project("{FAE04EC0-301F-11D3-BF4B-00C04F79EFBC}") = "movieAPI.Tests", "movieAPI.Tests\movieAPI.Tests.csproj", "{AFD604C1-4BBB-48CC-8FBD-DF0359D7057B}"
EndProject
Global
	GlobalSection(SolutionConfigurationPlatforms) = preSolution
		Debug|Any CPU = Debug|Any CPU
		Release|Any CPU = Release|Any CPU
	EndGlobalSection
	GlobalSection(ProjectConfigurationPlatforms) = postSolution
		{E5066149-C1DE-459E-8A27-A14F443758E0}.Debug|Any CPU.ActiveCfg = Debug|Any CPU
		{E5066149-C1DE-459E-8A27-A14F443758E0}.Debug|Any CPU.Build.0 = Debug|Any CPU
		{E5066149-C1DE-459E-8A27-A14F443758E0}.Release|Any CPU.ActiveCfg = Release|Any CPU
		{E5066149-C1DE-459E-8A27-A14F443758E0}.Release|Any CPU.Build.0 = Release|Any CPU
		{AFD604C1-4BBB-48CC-8FBD-DF0359D7057B}.Debug|Any CPU.ActiveCfg = Debug|Any CPU
		{AFD604C1-4BBB-48CC-8FBD-DF0359D7057B}.Debug|Any CPU.Build.0 = Debug|Any CPU
		{AFD604C1-4BBB-48CC-8FBD-DF0359D7057B}.Release|Any CPU.ActiveCfg = Release|Any CPU
		{AFD604C1-4BBB-48CC-8FBD-DF0359D7057B}.Release|Any CPU.Build.0 = Release|Any CPU
	EndGlobalSection
	GlobalSection(SolutionProperties) = preSolution
		HideSolutionNode = FALSE
	EndGlobalSection
	GlobalSection(ExtensibilityGlobals) = postSolution
		SolutionGuid = {27E3E6B6-DE79-4320-B183-CE3AD0FAAB65}
	EndGlobalSection
EndGlobal
